// !$*UTF8*$!
{
	archiveVersion = 1;
	classes = {
	};
	objectVersion = 46;
	objects = {

/* Begin PBXBuildFile section */
		9677768C196D4667007F0EB5 /* Foundation.framework in Frameworks */ = {isa = PBXBuildFile; fileRef = 9677768B196D4667007F0EB5 /* Foundation.framework */; };
		9677768E196D4667007F0EB5 /* CoreGraphics.framework in Frameworks */ = {isa = PBXBuildFile; fileRef = 9677768D196D4667007F0EB5 /* CoreGraphics.framework */; };
		96777690196D4667007F0EB5 /* UIKit.framework in Frameworks */ = {isa = PBXBuildFile; fileRef = 9677768F196D4667007F0EB5 /* UIKit.framework */; };
		96777696196D4667007F0EB5 /* InfoPlist.strings in Resources */ = {isa = PBXBuildFile; fileRef = 96777694196D4667007F0EB5 /* InfoPlist.strings */; };
		96777698196D4667007F0EB5 /* main.m in Sources */ = {isa = PBXBuildFile; fileRef = 96777697196D4667007F0EB5 /* main.m */; };
		9677769C196D4667007F0EB5 /* AppDelegate.m in Sources */ = {isa = PBXBuildFile; fileRef = 9677769B196D4667007F0EB5 /* AppDelegate.m */; };
		9677769E196D4667007F0EB5 /* Images.xcassets in Resources */ = {isa = PBXBuildFile; fileRef = 9677769D196D4667007F0EB5 /* Images.xcassets */; };
		967776A5196D4667007F0EB5 /* XCTest.framework in Frameworks */ = {isa = PBXBuildFile; fileRef = 967776A4196D4667007F0EB5 /* XCTest.framework */; };
		967776A6196D4667007F0EB5 /* Foundation.framework in Frameworks */ = {isa = PBXBuildFile; fileRef = 9677768B196D4667007F0EB5 /* Foundation.framework */; };
		967776A7196D4667007F0EB5 /* UIKit.framework in Frameworks */ = {isa = PBXBuildFile; fileRef = 9677768F196D4667007F0EB5 /* UIKit.framework */; };
		967776AF196D4667007F0EB5 /* InfoPlist.strings in Resources */ = {isa = PBXBuildFile; fileRef = 967776AD196D4667007F0EB5 /* InfoPlist.strings */; };
		967776B1196D4667007F0EB5 /* CombatZoneTests.m in Sources */ = {isa = PBXBuildFile; fileRef = 967776B0196D4667007F0EB5 /* CombatZoneTests.m */; };
		967776BB196D469F007F0EB5 /* Main.Storyboard in Resources */ = {isa = PBXBuildFile; fileRef = 967776BA196D469F007F0EB5 /* Main.Storyboard */; };
		96AB9669196D73F600FCE0A5 /* MenuViewController.m in Sources */ = {isa = PBXBuildFile; fileRef = 96AB9668196D73F600FCE0A5 /* MenuViewController.m */; };
/* End PBXBuildFile section */

/* Begin PBXContainerItemProxy section */
		967776A8196D4667007F0EB5 /* PBXContainerItemProxy */ = {
			isa = PBXContainerItemProxy;
			containerPortal = 96777680196D4666007F0EB5 /* Project object */;
			proxyType = 1;
			remoteGlobalIDString = 96777687196D4666007F0EB5;
			remoteInfo = CombatZone;
		};
/* End PBXContainerItemProxy section */

/* Begin PBXFileReference section */
		96777688196D4666007F0EB5 /* CombatZone.app */ = {isa = PBXFileReference; explicitFileType = wrapper.application; includeInIndex = 0; path = CombatZone.app; sourceTree = BUILT_PRODUCTS_DIR; };
		9677768B196D4667007F0EB5 /* Foundation.framework */ = {isa = PBXFileReference; lastKnownFileType = wrapper.framework; name = Foundation.framework; path = System/Library/Frameworks/Foundation.framework; sourceTree = SDKROOT; };
		9677768D196D4667007F0EB5 /* CoreGraphics.framework */ = {isa = PBXFileReference; lastKnownFileType = wrapper.framework; name = CoreGraphics.framework; path = System/Library/Frameworks/CoreGraphics.framework; sourceTree = SDKROOT; };
		9677768F196D4667007F0EB5 /* UIKit.framework */ = {isa = PBXFileReference; lastKnownFileType = wrapper.framework; name = UIKit.framework; path = System/Library/Frameworks/UIKit.framework; sourceTree = SDKROOT; };
		96777693196D4667007F0EB5 /* CombatZone-Info.plist */ = {isa = PBXFileReference; lastKnownFileType = text.plist.xml; path = "CombatZone-Info.plist"; sourceTree = "<group>"; };
		96777695196D4667007F0EB5 /* en */ = {isa = PBXFileReference; lastKnownFileType = text.plist.strings; name = en; path = en.lproj/InfoPlist.strings; sourceTree = "<group>"; };
		96777697196D4667007F0EB5 /* main.m */ = {isa = PBXFileReference; lastKnownFileType = sourcecode.c.objc; path = main.m; sourceTree = "<group>"; };
		96777699196D4667007F0EB5 /* CombatZone-Prefix.pch */ = {isa = PBXFileReference; lastKnownFileType = sourcecode.c.h; path = "CombatZone-Prefix.pch"; sourceTree = "<group>"; };
		9677769A196D4667007F0EB5 /* AppDelegate.h */ = {isa = PBXFileReference; lastKnownFileType = sourcecode.c.h; path = AppDelegate.h; sourceTree = "<group>"; };
		9677769B196D4667007F0EB5 /* AppDelegate.m */ = {isa = PBXFileReference; lastKnownFileType = sourcecode.c.objc; path = AppDelegate.m; sourceTree = "<group>"; };
		9677769D196D4667007F0EB5 /* Images.xcassets */ = {isa = PBXFileReference; lastKnownFileType = folder.assetcatalog; path = Images.xcassets; sourceTree = "<group>"; };
		967776A3196D4667007F0EB5 /* CombatZoneTests.xctest */ = {isa = PBXFileReference; explicitFileType = wrapper.cfbundle; includeInIndex = 0; path = CombatZoneTests.xctest; sourceTree = BUILT_PRODUCTS_DIR; };
		967776A4196D4667007F0EB5 /* XCTest.framework */ = {isa = PBXFileReference; lastKnownFileType = wrapper.framework; name = XCTest.framework; path = Library/Frameworks/XCTest.framework; sourceTree = DEVELOPER_DIR; };
		967776AC196D4667007F0EB5 /* CombatZoneTests-Info.plist */ = {isa = PBXFileReference; lastKnownFileType = text.plist.xml; path = "CombatZoneTests-Info.plist"; sourceTree = "<group>"; };
		967776AE196D4667007F0EB5 /* en */ = {isa = PBXFileReference; lastKnownFileType = text.plist.strings; name = en; path = en.lproj/InfoPlist.strings; sourceTree = "<group>"; };
		967776B0196D4667007F0EB5 /* CombatZoneTests.m */ = {isa = PBXFileReference; lastKnownFileType = sourcecode.c.objc; path = CombatZoneTests.m; sourceTree = "<group>"; };
		967776BA196D469F007F0EB5 /* Main.Storyboard */ = {isa = PBXFileReference; fileEncoding = 4; lastKnownFileType = file.storyboard; path = Main.Storyboard; sourceTree = "<group>"; };
		96AB9667196D73F600FCE0A5 /* MenuViewController.h */ = {isa = PBXFileReference; fileEncoding = 4; lastKnownFileType = sourcecode.c.h; name = MenuViewController.h; path = ../MenuViewController.h; sourceTree = "<group>"; };
		96AB9668196D73F600FCE0A5 /* MenuViewController.m */ = {isa = PBXFileReference; fileEncoding = 4; lastKnownFileType = sourcecode.c.objc; name = MenuViewController.m; path = ../MenuViewController.m; sourceTree = "<group>"; };
/* End PBXFileReference section */

/* Begin PBXFrameworksBuildPhase section */
		96777685196D4666007F0EB5 /* Frameworks */ = {
			isa = PBXFrameworksBuildPhase;
			buildActionMask = 2147483647;
			files = (
				9677768E196D4667007F0EB5 /* CoreGraphics.framework in Frameworks */,
				96777690196D4667007F0EB5 /* UIKit.framework in Frameworks */,
				9677768C196D4667007F0EB5 /* Foundation.framework in Frameworks */,
			);
			runOnlyForDeploymentPostprocessing = 0;
		};
		967776A0196D4667007F0EB5 /* Frameworks */ = {
			isa = PBXFrameworksBuildPhase;
			buildActionMask = 2147483647;
			files = (
				967776A5196D4667007F0EB5 /* XCTest.framework in Frameworks */,
				967776A7196D4667007F0EB5 /* UIKit.framework in Frameworks */,
				967776A6196D4667007F0EB5 /* Foundation.framework in Frameworks */,
			);
			runOnlyForDeploymentPostprocessing = 0;
		};
/* End PBXFrameworksBuildPhase section */

/* Begin PBXGroup section */
		9677767F196D4666007F0EB5 = {
			isa = PBXGroup;
			children = (
				96777691196D4667007F0EB5 /* CombatZone */,
				967776AA196D4667007F0EB5 /* CombatZoneTests */,
				9677768A196D4666007F0EB5 /* Frameworks */,
				96777689196D4666007F0EB5 /* Products */,
			);
			sourceTree = "<group>";
		};
		96777689196D4666007F0EB5 /* Products */ = {
			isa = PBXGroup;
			children = (
				96777688196D4666007F0EB5 /* CombatZone.app */,
				967776A3196D4667007F0EB5 /* CombatZoneTests.xctest */,
			);
			name = Products;
			sourceTree = "<group>";
		};
		9677768A196D4666007F0EB5 /* Frameworks */ = {
			isa = PBXGroup;
			children = (
				9677768B196D4667007F0EB5 /* Foundation.framework */,
				9677768D196D4667007F0EB5 /* CoreGraphics.framework */,
				9677768F196D4667007F0EB5 /* UIKit.framework */,
				967776A4196D4667007F0EB5 /* XCTest.framework */,
			);
			name = Frameworks;
			sourceTree = "<group>";
		};
		96777691196D4667007F0EB5 /* CombatZone */ = {
			isa = PBXGroup;
			children = (
				96AB9667196D73F600FCE0A5 /* MenuViewController.h */,
				96AB9668196D73F600FCE0A5 /* MenuViewController.m */,
				9677769A196D4667007F0EB5 /* AppDelegate.h */,
				9677769B196D4667007F0EB5 /* AppDelegate.m */,
				967776BA196D469F007F0EB5 /* Main.Storyboard */,
				9677769D196D4667007F0EB5 /* Images.xcassets */,
				96777692196D4667007F0EB5 /* Supporting Files */,
			);
			path = CombatZone;
			sourceTree = "<group>";
		};
		96777692196D4667007F0EB5 /* Supporting Files */ = {
			isa = PBXGroup;
			children = (
				96777693196D4667007F0EB5 /* CombatZone-Info.plist */,
				96777694196D4667007F0EB5 /* InfoPlist.strings */,
				96777697196D4667007F0EB5 /* main.m */,
				96777699196D4667007F0EB5 /* CombatZone-Prefix.pch */,
			);
			name = "Supporting Files";
			sourceTree = "<group>";
		};
		967776AA196D4667007F0EB5 /* CombatZoneTests */ = {
			isa = PBXGroup;
			children = (
				967776B0196D4667007F0EB5 /* CombatZoneTests.m */,
				967776AB196D4667007F0EB5 /* Supporting Files */,
			);
			path = CombatZoneTests;
			sourceTree = "<group>";
		};
		967776AB196D4667007F0EB5 /* Supporting Files */ = {
			isa = PBXGroup;
			children = (
				967776AC196D4667007F0EB5 /* CombatZoneTests-Info.plist */,
				967776AD196D4667007F0EB5 /* InfoPlist.strings */,
			);
			name = "Supporting Files";
			sourceTree = "<group>";
		};
/* End PBXGroup section */

/* Begin PBXNativeTarget section */
		96777687196D4666007F0EB5 /* CombatZone */ = {
			isa = PBXNativeTarget;
			buildConfigurationList = 967776B4196D4667007F0EB5 /* Build configuration list for PBXNativeTarget "CombatZone" */;
			buildPhases = (
				96777684196D4666007F0EB5 /* Sources */,
				96777685196D4666007F0EB5 /* Frameworks */,
				96777686196D4666007F0EB5 /* Resources */,
			);
			buildRules = (
			);
			dependencies = (
			);
			name = CombatZone;
			productName = CombatZone;
			productReference = 96777688196D4666007F0EB5 /* CombatZone.app */;
			productType = "com.apple.product-type.application";
		};
		967776A2196D4667007F0EB5 /* CombatZoneTests */ = {
			isa = PBXNativeTarget;
			buildConfigurationList = 967776B7196D4667007F0EB5 /* Build configuration list for PBXNativeTarget "CombatZoneTests" */;
			buildPhases = (
				9677769F196D4667007F0EB5 /* Sources */,
				967776A0196D4667007F0EB5 /* Frameworks */,
				967776A1196D4667007F0EB5 /* Resources */,
			);
			buildRules = (
			);
			dependencies = (
				967776A9196D4667007F0EB5 /* PBXTargetDependency */,
			);
			name = CombatZoneTests;
			productName = CombatZoneTests;
			productReference = 967776A3196D4667007F0EB5 /* CombatZoneTests.xctest */;
			productType = "com.apple.product-type.bundle.unit-test";
		};
/* End PBXNativeTarget section */

/* Begin PBXProject section */
		96777680196D4666007F0EB5 /* Project object */ = {
			isa = PBXProject;
			attributes = {
				LastUpgradeCheck = 0510;
				ORGANIZATIONNAME = Adluna;
				TargetAttributes = {
					967776A2196D4667007F0EB5 = {
						TestTargetID = 96777687196D4666007F0EB5;
					};
				};
			};
			buildConfigurationList = 96777683196D4666007F0EB5 /* Build configuration list for PBXProject "CombatZone" */;
			compatibilityVersion = "Xcode 3.2";
			developmentRegion = English;
			hasScannedForEncodings = 0;
			knownRegions = (
				en,
			);
			mainGroup = 9677767F196D4666007F0EB5;
			productRefGroup = 96777689196D4666007F0EB5 /* Products */;
			projectDirPath = "";
			projectRoot = "";
			targets = (
				96777687196D4666007F0EB5 /* CombatZone */,
				967776A2196D4667007F0EB5 /* CombatZoneTests */,
			);
		};
/* End PBXProject section */

/* Begin PBXResourcesBuildPhase section */
		96777686196D4666007F0EB5 /* Resources */ = {
			isa = PBXResourcesBuildPhase;
			buildActionMask = 2147483647;
			files = (
				967776BB196D469F007F0EB5 /* Main.Storyboard in Resources */,
				96777696196D4667007F0EB5 /* InfoPlist.strings in Resources */,
				9677769E196D4667007F0EB5 /* Images.xcassets in Resources */,
			);
			runOnlyForDeploymentPostprocessing = 0;
		};
		967776A1196D4667007F0EB5 /* Resources */ = {
			isa = PBXResourcesBuildPhase;
			buildActionMask = 2147483647;
			files = (
				967776AF196D4667007F0EB5 /* InfoPlist.strings in Resources */,
			);
			runOnlyForDeploymentPostprocessing = 0;
		};
/* End PBXResourcesBuildPhase section */

/* Begin PBXSourcesBuildPhase section */
		96777684196D4666007F0EB5 /* Sources */ = {
			isa = PBXSourcesBuildPhase;
			buildActionMask = 2147483647;
			files = (
				9677769C196D4667007F0EB5 /* AppDelegate.m in Sources */,
				96AB9669196D73F600FCE0A5 /* MenuViewController.m in Sources */,
				96777698196D4667007F0EB5 /* main.m in Sources */,
			);
			runOnlyForDeploymentPostprocessing = 0;
		};
		9677769F196D4667007F0EB5 /* Sources */ = {
			isa = PBXSourcesBuildPhase;
			buildActionMask = 2147483647;
			files = (
				967776B1196D4667007F0EB5 /* CombatZoneTests.m in Sources */,
			);
			runOnlyForDeploymentPostprocessing = 0;
		};
/* End PBXSourcesBuildPhase section */

/* Begin PBXTargetDependency section */
		967776A9196D4667007F0EB5 /* PBXTargetDependency */ = {
			isa = PBXTargetDependency;
			target = 96777687196D4666007F0EB5 /* CombatZone */;
			targetProxy = 967776A8196D4667007F0EB5 /* PBXContainerItemProxy */;
		};
/* End PBXTargetDependency section */

/* Begin PBXVariantGroup section */
		96777694196D4667007F0EB5 /* InfoPlist.strings */ = {
			isa = PBXVariantGroup;
			children = (
				96777695196D4667007F0EB5 /* en */,
			);
			name = InfoPlist.strings;
			sourceTree = "<group>";
		};
		967776AD196D4667007F0EB5 /* InfoPlist.strings */ = {
			isa = PBXVariantGroup;
			children = (
				967776AE196D4667007F0EB5 /* en */,
			);
			name = InfoPlist.strings;
			sourceTree = "<group>";
		};
/* End PBXVariantGroup section */

/* Begin XCBuildConfiguration section */
		967776B2196D4667007F0EB5 /* Debug */ = {
			isa = XCBuildConfiguration;
			buildSettings = {
				ALWAYS_SEARCH_USER_PATHS = NO;
				CLANG_CXX_LANGUAGE_STANDARD = "gnu++0x";
				CLANG_CXX_LIBRARY = "libc++";
				CLANG_ENABLE_MODULES = YES;
				CLANG_ENABLE_OBJC_ARC = YES;
				CLANG_WARN_BOOL_CONVERSION = YES;
				CLANG_WARN_CONSTANT_CONVERSION = YES;
				CLANG_WARN_DIRECT_OBJC_ISA_USAGE = YES_ERROR;
				CLANG_WARN_EMPTY_BODY = YES;
				CLANG_WARN_ENUM_CONVERSION = YES;
				CLANG_WARN_INT_CONVERSION = YES;
				CLANG_WARN_OBJC_ROOT_CLASS = YES_ERROR;
				CLANG_WARN__DUPLICATE_METHOD_MATCH = YES;
				"CODE_SIGN_IDENTITY[sdk=iphoneos*]" = "iPhone Developer";
				COPY_PHASE_STRIP = NO;
				GCC_C_LANGUAGE_STANDARD = gnu99;
				GCC_DYNAMIC_NO_PIC = NO;
				GCC_OPTIMIZATION_LEVEL = 0;
				GCC_PREPROCESSOR_DEFINITIONS = (
					"DEBUG=1",
					"$(inherited)",
				);
				GCC_SYMBOLS_PRIVATE_EXTERN = NO;
				GCC_WARN_64_TO_32_BIT_CONVERSION = YES;
				GCC_WARN_ABOUT_RETURN_TYPE = YES_ERROR;
				GCC_WARN_UNDECLARED_SELECTOR = YES;
				GCC_WARN_UNINITIALIZED_AUTOS = YES_AGGRESSIVE;
				GCC_WARN_UNUSED_FUNCTION = YES;
				GCC_WARN_UNUSED_VARIABLE = YES;
				IPHONEOS_DEPLOYMENT_TARGET = 7.1;
				ONLY_ACTIVE_ARCH = YES;
				SDKROOT = iphoneos;
				TARGETED_DEVICE_FAMILY = "1,2";
			};
			name = Debug;
		};
		967776B3196D4667007F0EB5 /* Release */ = {
			isa = XCBuildConfiguration;
			buildSettings = {
				ALWAYS_SEARCH_USER_PATHS = NO;
				CLANG_CXX_LANGUAGE_STANDARD = "gnu++0x";
				CLANG_CXX_LIBRARY = "libc++";
				CLANG_ENABLE_MODULES = YES;
				CLANG_ENABLE_OBJC_ARC = YES;
				CLANG_WARN_BOOL_CONVERSION = YES;
				CLANG_WARN_CONSTANT_CONVERSION = YES;
				CLANG_WARN_DIRECT_OBJC_ISA_USAGE = YES_ERROR;
				CLANG_WARN_EMPTY_BODY = YES;
				CLANG_WARN_ENUM_CONVERSION = YES;
				CLANG_WARN_INT_CONVERSION = YES;
				CLANG_WARN_OBJC_ROOT_CLASS = YES_ERROR;
				CLANG_WARN__DUPLICATE_METHOD_MATCH = YES;
				"CODE_SIGN_IDENTITY[sdk=iphoneos*]" = "iPhone Developer";
				COPY_PHASE_STRIP = YES;
				ENABLE_NS_ASSERTIONS = NO;
				GCC_C_LANGUAGE_STANDARD = gnu99;
				GCC_WARN_64_TO_32_BIT_CONVERSION = YES;
				GCC_WARN_ABOUT_RETURN_TYPE = YES_ERROR;
				GCC_WARN_UNDECLARED_SELECTOR = YES;
				GCC_WARN_UNINITIALIZED_AUTOS = YES_AGGRESSIVE;
				GCC_WARN_UNUSED_FUNCTION = YES;
				GCC_WARN_UNUSED_VARIABLE = YES;
				IPHONEOS_DEPLOYMENT_TARGET = 7.1;
				SDKROOT = iphoneos;
				TARGETED_DEVICE_FAMILY = "1,2";
				VALIDATE_PRODUCT = YES;
			};
			name = Release;
		};
		967776B5196D4667007F0EB5 /* Debug */ = {
			isa = XCBuildConfiguration;
			buildSettings = {
				ASSETCATALOG_COMPILER_APPICON_NAME = AppIcon;
				ASSETCATALOG_COMPILER_LAUNCHIMAGE_NAME = LaunchImage;
				GCC_PRECOMPILE_PREFIX_HEADER = YES;
				GCC_PREFIX_HEADER = "CombatZone/CombatZone-Prefix.pch";
				INFOPLIST_FILE = "CombatZone/CombatZone-Info.plist";
				PRODUCT_NAME = "$(TARGET_NAME)";
				WRAPPER_EXTENSION = app;
			};
			name = Debug;
		};
		967776B6196D4667007F0EB5 /* Release */ = {
			isa = XCBuildConfiguration;
			buildSettings = {
				ASSETCATALOG_COMPILER_APPICON_NAME = AppIcon;
				ASSETCATALOG_COMPILER_LAUNCHIMAGE_NAME = LaunchImage;
				GCC_PRECOMPILE_PREFIX_HEADER = YES;
				GCC_PREFIX_HEADER = "CombatZone/CombatZone-Prefix.pch";
				INFOPLIST_FILE = "CombatZone/CombatZone-Info.plist";
				PRODUCT_NAME = "$(TARGET_NAME)";
				WRAPPER_EXTENSION = app;
			};
			name = Release;
		};
		967776B8196D4667007F0EB5 /* Debug */ = {
			isa = XCBuildConfiguration;
			buildSettings = {
				BUNDLE_LOADER = "$(BUILT_PRODUCTS_DIR)/CombatZone.app/CombatZone";
				FRAMEWORK_SEARCH_PATHS = (
					"$(SDKROOT)/Developer/Library/Frameworks",
					"$(inherited)",
					"$(DEVELOPER_FRAMEWORKS_DIR)",
				);
				GCC_PRECOMPILE_PREFIX_HEADER = YES;
				GCC_PREFIX_HEADER = "CombatZone/CombatZone-Prefix.pch";
				GCC_PREPROCESSOR_DEFINITIONS = (
					"DEBUG=1",
					"$(inherited)",
				);
				INFOPLIST_FILE = "CombatZoneTests/CombatZoneTests-Info.plist";
				PRODUCT_NAME = "$(TARGET_NAME)";
				TEST_HOST = "$(BUNDLE_LOADER)";
				WRAPPER_EXTENSION = xctest;
			};
			name = Debug;
		};
		967776B9196D4667007F0EB5 /* Release */ = {
			isa = XCBuildConfiguration;
			buildSettings = {
				BUNDLE_LOADER = "$(BUILT_PRODUCTS_DIR)/CombatZone.app/CombatZone";
				FRAMEWORK_SEARCH_PATHS = (
					"$(SDKROOT)/Developer/Library/Frameworks",
					"$(inherited)",
					"$(DEVELOPER_FRAMEWORKS_DIR)",
				);
				GCC_PRECOMPILE_PREFIX_HEADER = YES;
				GCC_PREFIX_HEADER = "CombatZone/CombatZone-Prefix.pch";
				INFOPLIST_FILE = "CombatZoneTests/CombatZoneTests-Info.plist";
				PRODUCT_NAME = "$(TARGET_NAME)";
				TEST_HOST = "$(BUNDLE_LOADER)";
				WRAPPER_EXTENSION = xctest;
			};
			name = Release;
		};
/* End XCBuildConfiguration section */

/* Begin XCConfigurationList section */
		96777683196D4666007F0EB5 /* Build configuration list for PBXProject "CombatZone" */ = {
			isa = XCConfigurationList;
			buildConfigurations = (
				967776B2196D4667007F0EB5 /* Debug */,
				967776B3196D4667007F0EB5 /* Release */,
			);
			defaultConfigurationIsVisible = 0;
			defaultConfigurationName = Release;
		};
		967776B4196D4667007F0EB5 /* Build configuration list for PBXNativeTarget "CombatZone" */ = {
			isa = XCConfigurationList;
			buildConfigurations = (
				967776B5196D4667007F0EB5 /* Debug */,
				967776B6196D4667007F0EB5 /* Release */,
			);
			defaultConfigurationIsVisible = 0;
			defaultConfigurationName = Release;
		};
		967776B7196D4667007F0EB5 /* Build configuration list for PBXNativeTarget "CombatZoneTests" */ = {
			isa = XCConfigurationList;
			buildConfigurations = (
				967776B8196D4667007F0EB5 /* Debug */,
				967776B9196D4667007F0EB5 /* Release */,
			);
			defaultConfigurationIsVisible = 0;
			defaultConfigurationName = Release;
		};
/* End XCConfigurationList section */
	};
	rootObject = 96777680196D4666007F0EB5 /* Project object */;
}
